// !$*UTF8*$!
{
	archiveVersion = 1;
	classes = {
	};
	objectVersion = 51;
	objects = {

/* Begin PBXBuildFile section */
		74C0A5A789AC80013A6218CC /* Pods_Simple.framework in Frameworks */ = {isa = PBXBuildFile; fileRef = EE272D6C5BAB40549AF5A972 /* Pods_Simple.framework */; };
		C7E83F46121C9BB624E15003 /* libPods-SimpleSwift.a in Frameworks */ = {isa = PBXBuildFile; fileRef = 2C247E860B15753EF4479A70 /* libPods-SimpleSwift.a */; };
		E219EF4F2664A45500B5A466 /* AppDelegate.swift in Sources */ = {isa = PBXBuildFile; fileRef = E219EF4E2664A45500B5A466 /* AppDelegate.swift */; };
		E219EF512664A45500B5A466 /* SceneDelegate.swift in Sources */ = {isa = PBXBuildFile; fileRef = E219EF502664A45500B5A466 /* SceneDelegate.swift */; };
		E219EF532664A45500B5A466 /* ViewController.swift in Sources */ = {isa = PBXBuildFile; fileRef = E219EF522664A45500B5A466 /* ViewController.swift */; };
		E219EF562664A45500B5A466 /* Main.storyboard in Resources */ = {isa = PBXBuildFile; fileRef = E219EF542664A45500B5A466 /* Main.storyboard */; };
		E219EF582664A45600B5A466 /* Assets.xcassets in Resources */ = {isa = PBXBuildFile; fileRef = E219EF572664A45600B5A466 /* Assets.xcassets */; };
		E219EF5B2664A45600B5A466 /* LaunchScreen.storyboard in Resources */ = {isa = PBXBuildFile; fileRef = E219EF592664A45600B5A466 /* LaunchScreen.storyboard */; };
		E2709155253456B40087D246 /* AppDelegate.m in Sources */ = {isa = PBXBuildFile; fileRef = E2709154253456B40087D246 /* AppDelegate.m */; };
		E270915B253456B40087D246 /* ViewController.m in Sources */ = {isa = PBXBuildFile; fileRef = E270915A253456B40087D246 /* ViewController.m */; };
		E270915E253456B40087D246 /* Main.storyboard in Resources */ = {isa = PBXBuildFile; fileRef = E270915C253456B40087D246 /* Main.storyboard */; };
		E2709160253456B60087D246 /* Assets.xcassets in Resources */ = {isa = PBXBuildFile; fileRef = E270915F253456B60087D246 /* Assets.xcassets */; };
		E2709163253456B60087D246 /* LaunchScreen.storyboard in Resources */ = {isa = PBXBuildFile; fileRef = E2709161253456B60087D246 /* LaunchScreen.storyboard */; };
		E2709166253456B60087D246 /* main.m in Sources */ = {isa = PBXBuildFile; fileRef = E2709165253456B60087D246 /* main.m */; };
/* End PBXBuildFile section */

/* Begin PBXFileReference section */
		1E9201388C50B2F366B354DF /* Pods-SimpleSwift.release.xcconfig */ = {isa = PBXFileReference; includeInIndex = 1; lastKnownFileType = text.xcconfig; name = "Pods-SimpleSwift.release.xcconfig"; path = "Target Support Files/Pods-SimpleSwift/Pods-SimpleSwift.release.xcconfig"; sourceTree = "<group>"; };
		2C247E860B15753EF4479A70 /* libPods-SimpleSwift.a */ = {isa = PBXFileReference; explicitFileType = archive.ar; includeInIndex = 0; path = "libPods-SimpleSwift.a"; sourceTree = BUILT_PRODUCTS_DIR; };
		7872E05D8C6A3903F5B151D4 /* Pods-Simple.release.xcconfig */ = {isa = PBXFileReference; includeInIndex = 1; lastKnownFileType = text.xcconfig; name = "Pods-Simple.release.xcconfig"; path = "Target Support Files/Pods-Simple/Pods-Simple.release.xcconfig"; sourceTree = "<group>"; };
		CEC96F8D9CE093A8A2D17D33 /* Pods-SimpleSwift.debug.xcconfig */ = {isa = PBXFileReference; includeInIndex = 1; lastKnownFileType = text.xcconfig; name = "Pods-SimpleSwift.debug.xcconfig"; path = "Target Support Files/Pods-SimpleSwift/Pods-SimpleSwift.debug.xcconfig"; sourceTree = "<group>"; };
		E219EF4C2664A45500B5A466 /* SimpleSwift.app */ = {isa = PBXFileReference; explicitFileType = wrapper.application; includeInIndex = 0; path = SimpleSwift.app; sourceTree = BUILT_PRODUCTS_DIR; };
		E219EF4E2664A45500B5A466 /* AppDelegate.swift */ = {isa = PBXFileReference; lastKnownFileType = sourcecode.swift; path = AppDelegate.swift; sourceTree = "<group>"; };
		E219EF502664A45500B5A466 /* SceneDelegate.swift */ = {isa = PBXFileReference; lastKnownFileType = sourcecode.swift; path = SceneDelegate.swift; sourceTree = "<group>"; };
		E219EF522664A45500B5A466 /* ViewController.swift */ = {isa = PBXFileReference; lastKnownFileType = sourcecode.swift; path = ViewController.swift; sourceTree = "<group>"; };
		E219EF552664A45500B5A466 /* Base */ = {isa = PBXFileReference; lastKnownFileType = file.storyboard; name = Base; path = Base.lproj/Main.storyboard; sourceTree = "<group>"; };
		E219EF572664A45600B5A466 /* Assets.xcassets */ = {isa = PBXFileReference; lastKnownFileType = folder.assetcatalog; path = Assets.xcassets; sourceTree = "<group>"; };
		E219EF5A2664A45600B5A466 /* Base */ = {isa = PBXFileReference; lastKnownFileType = file.storyboard; name = Base; path = Base.lproj/LaunchScreen.storyboard; sourceTree = "<group>"; };
		E219EF5C2664A45600B5A466 /* Info.plist */ = {isa = PBXFileReference; lastKnownFileType = text.plist.xml; path = Info.plist; sourceTree = "<group>"; };
		E2709150253456B40087D246 /* Simple.app */ = {isa = PBXFileReference; explicitFileType = wrapper.application; includeInIndex = 0; path = Simple.app; sourceTree = BUILT_PRODUCTS_DIR; };
		E2709153253456B40087D246 /* AppDelegate.h */ = {isa = PBXFileReference; lastKnownFileType = sourcecode.c.h; path = AppDelegate.h; sourceTree = "<group>"; };
		E2709154253456B40087D246 /* AppDelegate.m */ = {isa = PBXFileReference; lastKnownFileType = sourcecode.c.objc; path = AppDelegate.m; sourceTree = "<group>"; };
		E2709159253456B40087D246 /* ViewController.h */ = {isa = PBXFileReference; lastKnownFileType = sourcecode.c.h; path = ViewController.h; sourceTree = "<group>"; };
		E270915A253456B40087D246 /* ViewController.m */ = {isa = PBXFileReference; lastKnownFileType = sourcecode.c.objc; path = ViewController.m; sourceTree = "<group>"; };
		E270915D253456B40087D246 /* Base */ = {isa = PBXFileReference; lastKnownFileType = file.storyboard; name = Base; path = Base.lproj/Main.storyboard; sourceTree = "<group>"; };
		E270915F253456B60087D246 /* Assets.xcassets */ = {isa = PBXFileReference; lastKnownFileType = folder.assetcatalog; path = Assets.xcassets; sourceTree = "<group>"; };
		E2709162253456B60087D246 /* Base */ = {isa = PBXFileReference; lastKnownFileType = file.storyboard; name = Base; path = Base.lproj/LaunchScreen.storyboard; sourceTree = "<group>"; };
		E2709164253456B60087D246 /* Info.plist */ = {isa = PBXFileReference; lastKnownFileType = text.plist.xml; path = Info.plist; sourceTree = "<group>"; };
		E2709165253456B60087D246 /* main.m */ = {isa = PBXFileReference; lastKnownFileType = sourcecode.c.objc; path = main.m; sourceTree = "<group>"; };
		E9B2CA9BEFB4562A3AD2F46C /* Pods-Simple.debug.xcconfig */ = {isa = PBXFileReference; includeInIndex = 1; lastKnownFileType = text.xcconfig; name = "Pods-Simple.debug.xcconfig"; path = "Target Support Files/Pods-Simple/Pods-Simple.debug.xcconfig"; sourceTree = "<group>"; };
		EE272D6C5BAB40549AF5A972 /* Pods_Simple.framework */ = {isa = PBXFileReference; explicitFileType = wrapper.framework; includeInIndex = 0; path = Pods_Simple.framework; sourceTree = BUILT_PRODUCTS_DIR; };
/* End PBXFileReference section */

/* Begin PBXFrameworksBuildPhase section */
		E219EF492664A45500B5A466 /* Frameworks */ = {
			isa = PBXFrameworksBuildPhase;
			buildActionMask = 2147483647;
			files = (
				C7E83F46121C9BB624E15003 /* libPods-SimpleSwift.a in Frameworks */,
			);
			runOnlyForDeploymentPostprocessing = 0;
		};
		E270914D253456B40087D246 /* Frameworks */ = {
			isa = PBXFrameworksBuildPhase;
			buildActionMask = 2147483647;
			files = (
				74C0A5A789AC80013A6218CC /* Pods_Simple.framework in Frameworks */,
			);
			runOnlyForDeploymentPostprocessing = 0;
		};
/* End PBXFrameworksBuildPhase section */

/* Begin PBXGroup section */
		C59810DAA7986A96BB542D0C /* Pods */ = {
			isa = PBXGroup;
			children = (
				E9B2CA9BEFB4562A3AD2F46C /* Pods-Simple.debug.xcconfig */,
				7872E05D8C6A3903F5B151D4 /* Pods-Simple.release.xcconfig */,
				CEC96F8D9CE093A8A2D17D33 /* Pods-SimpleSwift.debug.xcconfig */,
				1E9201388C50B2F366B354DF /* Pods-SimpleSwift.release.xcconfig */,
			);
			path = Pods;
			sourceTree = "<group>";
		};
		E219EF4D2664A45500B5A466 /* SimpleSwift */ = {
			isa = PBXGroup;
			children = (
				E219EF4E2664A45500B5A466 /* AppDelegate.swift */,
				E219EF502664A45500B5A466 /* SceneDelegate.swift */,
				E219EF522664A45500B5A466 /* ViewController.swift */,
				E219EF542664A45500B5A466 /* Main.storyboard */,
				E219EF572664A45600B5A466 /* Assets.xcassets */,
				E219EF592664A45600B5A466 /* LaunchScreen.storyboard */,
				E219EF5C2664A45600B5A466 /* Info.plist */,
			);
			path = SimpleSwift;
			sourceTree = "<group>";
		};
		E270911F25344FC30087D246 = {
			isa = PBXGroup;
			children = (
				E2709152253456B40087D246 /* Simple */,
				E219EF4D2664A45500B5A466 /* SimpleSwift */,
				E2709151253456B40087D246 /* Products */,
				C59810DAA7986A96BB542D0C /* Pods */,
				F667D7DD86E4A51D436984C7 /* Frameworks */,
			);
			sourceTree = "<group>";
		};
		E2709151253456B40087D246 /* Products */ = {
			isa = PBXGroup;
			children = (
				E2709150253456B40087D246 /* Simple.app */,
				E219EF4C2664A45500B5A466 /* SimpleSwift.app */,
			);
			name = Products;
			sourceTree = "<group>";
		};
		E2709152253456B40087D246 /* Simple */ = {
			isa = PBXGroup;
			children = (
				E2709153253456B40087D246 /* AppDelegate.h */,
				E2709154253456B40087D246 /* AppDelegate.m */,
				E2709159253456B40087D246 /* ViewController.h */,
				E270915A253456B40087D246 /* ViewController.m */,
				E270915C253456B40087D246 /* Main.storyboard */,
				E270915F253456B60087D246 /* Assets.xcassets */,
				E2709161253456B60087D246 /* LaunchScreen.storyboard */,
				E2709164253456B60087D246 /* Info.plist */,
				E2709165253456B60087D246 /* main.m */,
			);
			path = Simple;
			sourceTree = "<group>";
		};
		F667D7DD86E4A51D436984C7 /* Frameworks */ = {
			isa = PBXGroup;
			children = (
				EE272D6C5BAB40549AF5A972 /* Pods_Simple.framework */,
				2C247E860B15753EF4479A70 /* libPods-SimpleSwift.a */,
			);
			name = Frameworks;
			sourceTree = "<group>";
		};
/* End PBXGroup section */

/* Begin PBXNativeTarget section */
		E219EF4B2664A45500B5A466 /* SimpleSwift */ = {
			isa = PBXNativeTarget;
			buildConfigurationList = E219EF5F2664A45600B5A466 /* Build configuration list for PBXNativeTarget "SimpleSwift" */;
			buildPhases = (
				04C61EA005DFD693E944DCCB /* [CP] Check Pods Manifest.lock */,
				E219EF482664A45500B5A466 /* Sources */,
				E219EF492664A45500B5A466 /* Frameworks */,
				E219EF4A2664A45500B5A466 /* Resources */,
			);
			buildRules = (
			);
			dependencies = (
			);
			name = SimpleSwift;
			productName = SimpleSwfit;
			productReference = E219EF4C2664A45500B5A466 /* SimpleSwift.app */;
			productType = "com.apple.product-type.application";
		};
		E270914F253456B40087D246 /* Simple */ = {
			isa = PBXNativeTarget;
			buildConfigurationList = E2709169253456B60087D246 /* Build configuration list for PBXNativeTarget "Simple" */;
			buildPhases = (
				1E33C184055A7C47BA518272 /* [CP] Check Pods Manifest.lock */,
				E270914C253456B40087D246 /* Sources */,
				E270914D253456B40087D246 /* Frameworks */,
				E270914E253456B40087D246 /* Resources */,
				85CD449DD431339A0CDF08DA /* [CP] Embed Pods Frameworks */,
			);
			buildRules = (
			);
			dependencies = (
			);
			name = Simple;
			productName = SimpleApp;
			productReference = E2709150253456B40087D246 /* Simple.app */;
			productType = "com.apple.product-type.application";
		};
/* End PBXNativeTarget section */

/* Begin PBXProject section */
		E270912025344FC30087D246 /* Project object */ = {
			isa = PBXProject;
			attributes = {
				LastSwiftUpdateCheck = 1250;
				LastUpgradeCheck = 1200;
				TargetAttributes = {
					E219EF4B2664A45500B5A466 = {
						CreatedOnToolsVersion = 12.5;
					};
					E270914F253456B40087D246 = {
						CreatedOnToolsVersion = 12.0.1;
					};
				};
			};
			buildConfigurationList = E270912325344FC30087D246 /* Build configuration list for PBXProject "Simple" */;
			compatibilityVersion = "Xcode 9.3";
			developmentRegion = en;
			hasScannedForEncodings = 0;
			knownRegions = (
				en,
				Base,
			);
			mainGroup = E270911F25344FC30087D246;
			productRefGroup = E2709151253456B40087D246 /* Products */;
			projectDirPath = "";
			projectRoot = "";
			targets = (
				E270914F253456B40087D246 /* Simple */,
				E219EF4B2664A45500B5A466 /* SimpleSwift */,
			);
		};
/* End PBXProject section */

/* Begin PBXResourcesBuildPhase section */
		E219EF4A2664A45500B5A466 /* Resources */ = {
			isa = PBXResourcesBuildPhase;
			buildActionMask = 2147483647;
			files = (
				E219EF5B2664A45600B5A466 /* LaunchScreen.storyboard in Resources */,
				E219EF582664A45600B5A466 /* Assets.xcassets in Resources */,
				E219EF562664A45500B5A466 /* Main.storyboard in Resources */,
			);
			runOnlyForDeploymentPostprocessing = 0;
		};
		E270914E253456B40087D246 /* Resources */ = {
			isa = PBXResourcesBuildPhase;
			buildActionMask = 2147483647;
			files = (
				E2709163253456B60087D246 /* LaunchScreen.storyboard in Resources */,
				E2709160253456B60087D246 /* Assets.xcassets in Resources */,
				E270915E253456B40087D246 /* Main.storyboard in Resources */,
			);
			runOnlyForDeploymentPostprocessing = 0;
		};
/* End PBXResourcesBuildPhase section */

/* Begin PBXShellScriptBuildPhase section */
		04C61EA005DFD693E944DCCB /* [CP] Check Pods Manifest.lock */ = {
			isa = PBXShellScriptBuildPhase;
			buildActionMask = 2147483647;
			files = (
			);
			inputFileListPaths = (
			);
			inputPaths = (
				"${PODS_PODFILE_DIR_PATH}/Podfile.lock",
				"${PODS_ROOT}/Manifest.lock",
			);
			name = "[CP] Check Pods Manifest.lock";
			outputFileListPaths = (
			);
			outputPaths = (
				"$(DERIVED_FILE_DIR)/Pods-SimpleSwift-checkManifestLockResult.txt",
			);
			runOnlyForDeploymentPostprocessing = 0;
			shellPath = /bin/sh;
			shellScript = "diff \"${PODS_PODFILE_DIR_PATH}/Podfile.lock\" \"${PODS_ROOT}/Manifest.lock\" > /dev/null\nif [ $? != 0 ] ; then\n    # print error to STDERR\n    echo \"error: The sandbox is not in sync with the Podfile.lock. Run 'pod install' or update your CocoaPods installation.\" >&2\n    exit 1\nfi\n# This output is used by Xcode 'outputs' to avoid re-running this script phase.\necho \"SUCCESS\" > \"${SCRIPT_OUTPUT_FILE_0}\"\n";
			showEnvVarsInLog = 0;
		};
		1E33C184055A7C47BA518272 /* [CP] Check Pods Manifest.lock */ = {
			isa = PBXShellScriptBuildPhase;
			buildActionMask = 2147483647;
			files = (
			);
			inputFileListPaths = (
			);
			inputPaths = (
				"${PODS_PODFILE_DIR_PATH}/Podfile.lock",
				"${PODS_ROOT}/Manifest.lock",
			);
			name = "[CP] Check Pods Manifest.lock";
			outputFileListPaths = (
			);
			outputPaths = (
				"$(DERIVED_FILE_DIR)/Pods-Simple-checkManifestLockResult.txt",
			);
			runOnlyForDeploymentPostprocessing = 0;
			shellPath = /bin/sh;
			shellScript = "diff \"${PODS_PODFILE_DIR_PATH}/Podfile.lock\" \"${PODS_ROOT}/Manifest.lock\" > /dev/null\nif [ $? != 0 ] ; then\n    # print error to STDERR\n    echo \"error: The sandbox is not in sync with the Podfile.lock. Run 'pod install' or update your CocoaPods installation.\" >&2\n    exit 1\nfi\n# This output is used by Xcode 'outputs' to avoid re-running this script phase.\necho \"SUCCESS\" > \"${SCRIPT_OUTPUT_FILE_0}\"\n";
			showEnvVarsInLog = 0;
		};
		85CD449DD431339A0CDF08DA /* [CP] Embed Pods Frameworks */ = {
			isa = PBXShellScriptBuildPhase;
			buildActionMask = 2147483647;
			files = (
			);
			inputFileListPaths = (
				"${PODS_ROOT}/Target Support Files/Pods-Simple/Pods-Simple-frameworks-${CONFIGURATION}-input-files.xcfilelist",
			);
			name = "[CP] Embed Pods Frameworks";
			outputFileListPaths = (
				"${PODS_ROOT}/Target Support Files/Pods-Simple/Pods-Simple-frameworks-${CONFIGURATION}-output-files.xcfilelist",
			);
			runOnlyForDeploymentPostprocessing = 0;
			shellPath = /bin/sh;
			shellScript = "\"${PODS_ROOT}/Target Support Files/Pods-Simple/Pods-Simple-frameworks.sh\"\n";
			showEnvVarsInLog = 0;
		};
/* End PBXShellScriptBuildPhase section */

/* Begin PBXSourcesBuildPhase section */
		E219EF482664A45500B5A466 /* Sources */ = {
			isa = PBXSourcesBuildPhase;
			buildActionMask = 2147483647;
			files = (
				E219EF532664A45500B5A466 /* ViewController.swift in Sources */,
				E219EF4F2664A45500B5A466 /* AppDelegate.swift in Sources */,
				E219EF512664A45500B5A466 /* SceneDelegate.swift in Sources */,
			);
			runOnlyForDeploymentPostprocessing = 0;
		};
		E270914C253456B40087D246 /* Sources */ = {
			isa = PBXSourcesBuildPhase;
			buildActionMask = 2147483647;
			files = (
				E270915B253456B40087D246 /* ViewController.m in Sources */,
				E2709155253456B40087D246 /* AppDelegate.m in Sources */,
				E2709166253456B60087D246 /* main.m in Sources */,
			);
			runOnlyForDeploymentPostprocessing = 0;
		};
/* End PBXSourcesBuildPhase section */

/* Begin PBXVariantGroup section */
		E219EF542664A45500B5A466 /* Main.storyboard */ = {
			isa = PBXVariantGroup;
			children = (
				E219EF552664A45500B5A466 /* Base */,
			);
			name = Main.storyboard;
			sourceTree = "<group>";
		};
		E219EF592664A45600B5A466 /* LaunchScreen.storyboard */ = {
			isa = PBXVariantGroup;
			children = (
				E219EF5A2664A45600B5A466 /* Base */,
			);
			name = LaunchScreen.storyboard;
			sourceTree = "<group>";
		};
		E270915C253456B40087D246 /* Main.storyboard */ = {
			isa = PBXVariantGroup;
			children = (
				E270915D253456B40087D246 /* Base */,
			);
			name = Main.storyboard;
			sourceTree = "<group>";
		};
		E2709161253456B60087D246 /* LaunchScreen.storyboard */ = {
			isa = PBXVariantGroup;
			children = (
				E2709162253456B60087D246 /* Base */,
			);
			name = LaunchScreen.storyboard;
			sourceTree = "<group>";
		};
/* End PBXVariantGroup section */

/* Begin XCBuildConfiguration section */
		E219EF5D2664A45600B5A466 /* Debug */ = {
			isa = XCBuildConfiguration;
			baseConfigurationReference = CEC96F8D9CE093A8A2D17D33 /* Pods-SimpleSwift.debug.xcconfig */;
			buildSettings = {
				ALWAYS_SEARCH_USER_PATHS = NO;
				ASSETCATALOG_COMPILER_APPICON_NAME = AppIcon;
				ASSETCATALOG_COMPILER_GLOBAL_ACCENT_COLOR_NAME = AccentColor;
				CLANG_ANALYZER_NONNULL = YES;
				CLANG_ANALYZER_NUMBER_OBJECT_CONVERSION = YES_AGGRESSIVE;
				CLANG_CXX_LANGUAGE_STANDARD = "gnu++14";
				CLANG_CXX_LIBRARY = "libc++";
				CLANG_ENABLE_MODULES = YES;
				CLANG_ENABLE_OBJC_ARC = YES;
				CLANG_ENABLE_OBJC_WEAK = YES;
				CLANG_WARN_BLOCK_CAPTURE_AUTORELEASING = YES;
				CLANG_WARN_BOOL_CONVERSION = YES;
				CLANG_WARN_COMMA = YES;
				CLANG_WARN_CONSTANT_CONVERSION = YES;
				CLANG_WARN_DEPRECATED_OBJC_IMPLEMENTATIONS = YES;
				CLANG_WARN_DIRECT_OBJC_ISA_USAGE = YES_ERROR;
				CLANG_WARN_DOCUMENTATION_COMMENTS = YES;
				CLANG_WARN_EMPTY_BODY = YES;
				CLANG_WARN_ENUM_CONVERSION = YES;
				CLANG_WARN_INFINITE_RECURSION = YES;
				CLANG_WARN_INT_CONVERSION = YES;
				CLANG_WARN_NON_LITERAL_NULL_CONVERSION = YES;
				CLANG_WARN_OBJC_IMPLICIT_RETAIN_SELF = YES;
				CLANG_WARN_OBJC_LITERAL_CONVERSION = YES;
				CLANG_WARN_OBJC_ROOT_CLASS = YES_ERROR;
				CLANG_WARN_QUOTED_INCLUDE_IN_FRAMEWORK_HEADER = YES;
				CLANG_WARN_RANGE_LOOP_ANALYSIS = YES;
				CLANG_WARN_STRICT_PROTOTYPES = YES;
				CLANG_WARN_SUSPICIOUS_MOVE = YES;
				CLANG_WARN_UNGUARDED_AVAILABILITY = YES_AGGRESSIVE;
				CLANG_WARN_UNREACHABLE_CODE = YES;
				CLANG_WARN__DUPLICATE_METHOD_MATCH = YES;
				CODE_SIGN_STYLE = Automatic;
				COPY_PHASE_STRIP = NO;
				DEBUG_INFORMATION_FORMAT = dwarf;
				DEVELOPMENT_TEAM = 74G5LGJ29X;
				ENABLE_STRICT_OBJC_MSGSEND = YES;
				ENABLE_TESTABILITY = YES;
				GCC_C_LANGUAGE_STANDARD = gnu11;
				GCC_DYNAMIC_NO_PIC = NO;
				GCC_NO_COMMON_BLOCKS = YES;
				GCC_OPTIMIZATION_LEVEL = 0;
				GCC_PREPROCESSOR_DEFINITIONS = (
					"DEBUG=1",
					"$(inherited)",
				);
				GCC_WARN_64_TO_32_BIT_CONVERSION = YES;
				GCC_WARN_ABOUT_RETURN_TYPE = YES_ERROR;
				GCC_WARN_UNDECLARED_SELECTOR = YES;
				GCC_WARN_UNINITIALIZED_AUTOS = YES_AGGRESSIVE;
				GCC_WARN_UNUSED_FUNCTION = YES;
				GCC_WARN_UNUSED_VARIABLE = YES;
				INFOPLIST_FILE = SimpleSwift/Info.plist;
				IPHONEOS_DEPLOYMENT_TARGET = 14.5;
				LD_RUNPATH_SEARCH_PATHS = (
					"$(inherited)",
					"@executable_path/Frameworks",
				);
				MTL_ENABLE_DEBUG_INFO = INCLUDE_SOURCE;
				MTL_FAST_MATH = YES;
				ONLY_ACTIVE_ARCH = YES;
				PRODUCT_BUNDLE_IDENTIFIER = com.example.cocoapods.simple.swift;
				PRODUCT_NAME = "$(TARGET_NAME)";
				SDKROOT = iphoneos;
				SWIFT_ACTIVE_COMPILATION_CONDITIONS = DEBUG;
				SWIFT_OPTIMIZATION_LEVEL = "-Onone";
				SWIFT_VERSION = 5.0;
				TARGETED_DEVICE_FAMILY = "1,2";
			};
			name = Debug;
		};
		E219EF5E2664A45600B5A466 /* Release */ = {
			isa = XCBuildConfiguration;
			baseConfigurationReference = 1E9201388C50B2F366B354DF /* Pods-SimpleSwift.release.xcconfig */;
			buildSettings = {
				ALWAYS_SEARCH_USER_PATHS = NO;
				ASSETCATALOG_COMPILER_APPICON_NAME = AppIcon;
				ASSETCATALOG_COMPILER_GLOBAL_ACCENT_COLOR_NAME = AccentColor;
				CLANG_ANALYZER_NONNULL = YES;
				CLANG_ANALYZER_NUMBER_OBJECT_CONVERSION = YES_AGGRESSIVE;
				CLANG_CXX_LANGUAGE_STANDARD = "gnu++14";
				CLANG_CXX_LIBRARY = "libc++";
				CLANG_ENABLE_MODULES = YES;
				CLANG_ENABLE_OBJC_ARC = YES;
				CLANG_ENABLE_OBJC_WEAK = YES;
				CLANG_WARN_BLOCK_CAPTURE_AUTORELEASING = YES;
				CLANG_WARN_BOOL_CONVERSION = YES;
				CLANG_WARN_COMMA = YES;
				CLANG_WARN_CONSTANT_CONVERSION = YES;
				CLANG_WARN_DEPRECATED_OBJC_IMPLEMENTATIONS = YES;
				CLANG_WARN_DIRECT_OBJC_ISA_USAGE = YES_ERROR;
				CLANG_WARN_DOCUMENTATION_COMMENTS = YES;
				CLANG_WARN_EMPTY_BODY = YES;
				CLANG_WARN_ENUM_CONVERSION = YES;
				CLANG_WARN_INFINITE_RECURSION = YES;
				CLANG_WARN_INT_CONVERSION = YES;
				CLANG_WARN_NON_LITERAL_NULL_CONVERSION = YES;
				CLANG_WARN_OBJC_IMPLICIT_RETAIN_SELF = YES;
				CLANG_WARN_OBJC_LITERAL_CONVERSION = YES;
				CLANG_WARN_OBJC_ROOT_CLASS = YES_ERROR;
				CLANG_WARN_QUOTED_INCLUDE_IN_FRAMEWORK_HEADER = YES;
				CLANG_WARN_RANGE_LOOP_ANALYSIS = YES;
				CLANG_WARN_STRICT_PROTOTYPES = YES;
				CLANG_WARN_SUSPICIOUS_MOVE = YES;
				CLANG_WARN_UNGUARDED_AVAILABILITY = YES_AGGRESSIVE;
				CLANG_WARN_UNREACHABLE_CODE = YES;
				CLANG_WARN__DUPLICATE_METHOD_MATCH = YES;
				CODE_SIGN_STYLE = Automatic;
				COPY_PHASE_STRIP = NO;
				DEBUG_INFORMATION_FORMAT = "dwarf-with-dsym";
				DEVELOPMENT_TEAM = 74G5LGJ29X;
				ENABLE_NS_ASSERTIONS = NO;
				ENABLE_STRICT_OBJC_MSGSEND = YES;
				GCC_C_LANGUAGE_STANDARD = gnu11;
				GCC_NO_COMMON_BLOCKS = YES;
				GCC_WARN_64_TO_32_BIT_CONVERSION = YES;
				GCC_WARN_ABOUT_RETURN_TYPE = YES_ERROR;
				GCC_WARN_UNDECLARED_SELECTOR = YES;
				GCC_WARN_UNINITIALIZED_AUTOS = YES_AGGRESSIVE;
				GCC_WARN_UNUSED_FUNCTION = YES;
				GCC_WARN_UNUSED_VARIABLE = YES;
				INFOPLIST_FILE = SimpleSwift/Info.plist;
				IPHONEOS_DEPLOYMENT_TARGET = 14.5;
				LD_RUNPATH_SEARCH_PATHS = (
					"$(inherited)",
					"@executable_path/Frameworks",
				);
				MTL_ENABLE_DEBUG_INFO = NO;
				MTL_FAST_MATH = YES;
				PRODUCT_BUNDLE_IDENTIFIER = com.example.cocoapods.simple.swift;
				PRODUCT_NAME = "$(TARGET_NAME)";
				SDKROOT = iphoneos;
				SWIFT_COMPILATION_MODE = wholemodule;
				SWIFT_OPTIMIZATION_LEVEL = "-O";
				SWIFT_VERSION = 5.0;
				TARGETED_DEVICE_FAMILY = "1,2";
				VALIDATE_PRODUCT = YES;
			};
			name = Release;
		};
		E270912425344FC30087D246 /* Debug */ = {
			isa = XCBuildConfiguration;
			buildSettings = {
				IPHONEOS_DEPLOYMENT_TARGET = 11.0;
			};
			name = Debug;
		};
		E270912525344FC30087D246 /* Release */ = {
			isa = XCBuildConfiguration;
			buildSettings = {
				IPHONEOS_DEPLOYMENT_TARGET = 11.0;
			};
			name = Release;
		};
		E2709167253456B60087D246 /* Debug */ = {
			isa = XCBuildConfiguration;
			baseConfigurationReference = E9B2CA9BEFB4562A3AD2F46C /* Pods-Simple.debug.xcconfig */;
			buildSettings = {
				ALWAYS_SEARCH_USER_PATHS = NO;
				ASSETCATALOG_COMPILER_APPICON_NAME = AppIcon;
				ASSETCATALOG_COMPILER_GLOBAL_ACCENT_COLOR_NAME = AccentColor;
				CLANG_ANALYZER_NONNULL = YES;
				CLANG_ANALYZER_NUMBER_OBJECT_CONVERSION = YES_AGGRESSIVE;
				CLANG_CXX_LANGUAGE_STANDARD = "gnu++14";
				CLANG_CXX_LIBRARY = "libc++";
				CLANG_ENABLE_MODULES = YES;
				CLANG_ENABLE_OBJC_ARC = YES;
				CLANG_ENABLE_OBJC_WEAK = YES;
				CLANG_WARN_BLOCK_CAPTURE_AUTORELEASING = YES;
				CLANG_WARN_BOOL_CONVERSION = YES;
				CLANG_WARN_COMMA = YES;
				CLANG_WARN_CONSTANT_CONVERSION = YES;
				CLANG_WARN_DEPRECATED_OBJC_IMPLEMENTATIONS = YES;
				CLANG_WARN_DIRECT_OBJC_ISA_USAGE = YES_ERROR;
				CLANG_WARN_DOCUMENTATION_COMMENTS = YES;
				CLANG_WARN_EMPTY_BODY = YES;
				CLANG_WARN_ENUM_CONVERSION = YES;
				CLANG_WARN_INFINITE_RECURSION = YES;
				CLANG_WARN_INT_CONVERSION = YES;
				CLANG_WARN_NON_LITERAL_NULL_CONVERSION = YES;
				CLANG_WARN_OBJC_IMPLICIT_RETAIN_SELF = YES;
				CLANG_WARN_OBJC_LITERAL_CONVERSION = YES;
				CLANG_WARN_OBJC_ROOT_CLASS = YES_ERROR;
				CLANG_WARN_QUOTED_INCLUDE_IN_FRAMEWORK_HEADER = YES;
				CLANG_WARN_RANGE_LOOP_ANALYSIS = YES;
				CLANG_WARN_STRICT_PROTOTYPES = YES;
				CLANG_WARN_SUSPICIOUS_MOVE = YES;
				CLANG_WARN_UNGUARDED_AVAILABILITY = YES_AGGRESSIVE;
				CLANG_WARN_UNREACHABLE_CODE = YES;
				CLANG_WARN__DUPLICATE_METHOD_MATCH = YES;
				CODE_SIGN_STYLE = Automatic;
				COPY_PHASE_STRIP = NO;
				DEBUG_INFORMATION_FORMAT = dwarf;
				DEVELOPMENT_TEAM = 74G5LGJ29X;
				ENABLE_STRICT_OBJC_MSGSEND = YES;
				ENABLE_TESTABILITY = YES;
				GCC_C_LANGUAGE_STANDARD = gnu11;
				GCC_DYNAMIC_NO_PIC = NO;
				GCC_NO_COMMON_BLOCKS = YES;
				GCC_OPTIMIZATION_LEVEL = 0;
				GCC_PREPROCESSOR_DEFINITIONS = (
					"DEBUG=1",
					"$(inherited)",
				);
				GCC_WARN_64_TO_32_BIT_CONVERSION = YES;
				GCC_WARN_ABOUT_RETURN_TYPE = YES_ERROR;
				GCC_WARN_UNDECLARED_SELECTOR = YES;
				GCC_WARN_UNINITIALIZED_AUTOS = YES_AGGRESSIVE;
				GCC_WARN_UNUSED_FUNCTION = YES;
				GCC_WARN_UNUSED_VARIABLE = YES;
				INFOPLIST_FILE = "$(SRCROOT)/Simple/Info.plist";
				IPHONEOS_DEPLOYMENT_TARGET = 11.0;
				LD_RUNPATH_SEARCH_PATHS = (
					"$(inherited)",
					"@executable_path/Frameworks",
				);
				MTL_ENABLE_DEBUG_INFO = INCLUDE_SOURCE;
				MTL_FAST_MATH = YES;
				ONLY_ACTIVE_ARCH = YES;
				PRODUCT_BUNDLE_IDENTIFIER = com.example.cocoapods.simple;
				PRODUCT_NAME = "$(TARGET_NAME)";
				SDKROOT = iphoneos;
				TARGETED_DEVICE_FAMILY = "1,2";
			};
			name = Debug;
		};
		E2709168253456B60087D246 /* Release */ = {
			isa = XCBuildConfiguration;
			baseConfigurationReference = 7872E05D8C6A3903F5B151D4 /* Pods-Simple.release.xcconfig */;
			buildSettings = {
				ALWAYS_SEARCH_USER_PATHS = NO;
				ASSETCATALOG_COMPILER_APPICON_NAME = AppIcon;
				ASSETCATALOG_COMPILER_GLOBAL_ACCENT_COLOR_NAME = AccentColor;
				CLANG_ANALYZER_NONNULL = YES;
				CLANG_ANALYZER_NUMBER_OBJECT_CONVERSION = YES_AGGRESSIVE;
				CLANG_CXX_LANGUAGE_STANDARD = "gnu++14";
				CLANG_CXX_LIBRARY = "libc++";
				CLANG_ENABLE_MODULES = YES;
				CLANG_ENABLE_OBJC_ARC = YES;
				CLANG_ENABLE_OBJC_WEAK = YES;
				CLANG_WARN_BLOCK_CAPTURE_AUTORELEASING = YES;
				CLANG_WARN_BOOL_CONVERSION = YES;
				CLANG_WARN_COMMA = YES;
				CLANG_WARN_CONSTANT_CONVERSION = YES;
				CLANG_WARN_DEPRECATED_OBJC_IMPLEMENTATIONS = YES;
				CLANG_WARN_DIRECT_OBJC_ISA_USAGE = YES_ERROR;
				CLANG_WARN_DOCUMENTATION_COMMENTS = YES;
				CLANG_WARN_EMPTY_BODY = YES;
				CLANG_WARN_ENUM_CONVERSION = YES;
				CLANG_WARN_INFINITE_RECURSION = YES;
				CLANG_WARN_INT_CONVERSION = YES;
				CLANG_WARN_NON_LITERAL_NULL_CONVERSION = YES;
				CLANG_WARN_OBJC_IMPLICIT_RETAIN_SELF = YES;
				CLANG_WARN_OBJC_LITERAL_CONVERSION = YES;
				CLANG_WARN_OBJC_ROOT_CLASS = YES_ERROR;
				CLANG_WARN_QUOTED_INCLUDE_IN_FRAMEWORK_HEADER = YES;
				CLANG_WARN_RANGE_LOOP_ANALYSIS = YES;
				CLANG_WARN_STRICT_PROTOTYPES = YES;
				CLANG_WARN_SUSPICIOUS_MOVE = YES;
				CLANG_WARN_UNGUARDED_AVAILABILITY = YES_AGGRESSIVE;
				CLANG_WARN_UNREACHABLE_CODE = YES;
				CLANG_WARN__DUPLICATE_METHOD_MATCH = YES;
				CODE_SIGN_STYLE = Automatic;
				COPY_PHASE_STRIP = NO;
				DEBUG_INFORMATION_FORMAT = "dwarf-with-dsym";
				DEVELOPMENT_TEAM = 74G5LGJ29X;
				ENABLE_NS_ASSERTIONS = NO;
				ENABLE_STRICT_OBJC_MSGSEND = YES;
				GCC_C_LANGUAGE_STANDARD = gnu11;
				GCC_NO_COMMON_BLOCKS = YES;
				GCC_WARN_64_TO_32_BIT_CONVERSION = YES;
				GCC_WARN_ABOUT_RETURN_TYPE = YES_ERROR;
				GCC_WARN_UNDECLARED_SELECTOR = YES;
				GCC_WARN_UNINITIALIZED_AUTOS = YES_AGGRESSIVE;
				GCC_WARN_UNUSED_FUNCTION = YES;
				GCC_WARN_UNUSED_VARIABLE = YES;
				INFOPLIST_FILE = "$(SRCROOT)/Simple/Info.plist";
				IPHONEOS_DEPLOYMENT_TARGET = 11.0;
				LD_RUNPATH_SEARCH_PATHS = (
					"$(inherited)",
					"@executable_path/Frameworks",
				);
				MTL_ENABLE_DEBUG_INFO = NO;
				MTL_FAST_MATH = YES;
				PRODUCT_BUNDLE_IDENTIFIER = com.example.cocoapods.simple;
				PRODUCT_NAME = "$(TARGET_NAME)";
				SDKROOT = iphoneos;
				TARGETED_DEVICE_FAMILY = "1,2";
				VALIDATE_PRODUCT = YES;
			};
			name = Release;
		};
/* End XCBuildConfiguration section */

/* Begin XCConfigurationList section */
		E219EF5F2664A45600B5A466 /* Build configuration list for PBXNativeTarget "SimpleSwift" */ = {
			isa = XCConfigurationList;
			buildConfigurations = (
				E219EF5D2664A45600B5A466 /* Debug */,
				E219EF5E2664A45600B5A466 /* Release */,
			);
			defaultConfigurationIsVisible = 0;
			defaultConfigurationName = Release;
		};
		E270912325344FC30087D246 /* Build configuration list for PBXProject "Simple" */ = {
			isa = XCConfigurationList;
			buildConfigurations = (
				E270912425344FC30087D246 /* Debug */,
				E270912525344FC30087D246 /* Release */,
			);
			defaultConfigurationIsVisible = 0;
			defaultConfigurationName = Release;
		};
		E2709169253456B60087D246 /* Build configuration list for PBXNativeTarget "Simple" */ = {
			isa = XCConfigurationList;
			buildConfigurations = (
				E2709167253456B60087D246 /* Debug */,
				E2709168253456B60087D246 /* Release */,
			);
			defaultConfigurationIsVisible = 0;
			defaultConfigurationName = Release;
		};
/* End XCConfigurationList section */
	};
	rootObject = E270912025344FC30087D246 /* Project object */;
}
