PODS:
  - EmbeddedPod/Animal (0.1.0):
    - EmbeddedPod/Plant
  - EmbeddedPod/Plant (0.1.0)

DEPENDENCIES:
  - EmbeddedPod/Animal (from `https://github.com/tom-xy/PodspecExample.git`)

EXTERNAL SOURCES:
  EmbeddedPod:
    :git: https://github.com/tom-xy/PodspecExample.git

CHECKOUT OPTIONS:
  EmbeddedPod:
    :commit: 0cc23b66714cbcc4c97478d570a8194b06dbf569
    :git: https://github.com/tom-xy/PodspecExample.git

SPEC CHECKSUMS:
  EmbeddedPod: 28fa997fd3b5b262c4ac36435486175f692a8c79

PODFILE CHECKSUM: 5a1f30e8bc98ad73243152758c9f219cff5f95ff

COCOAPODS: 1.10.0
