PODS:
  - FrameworkPod (0.1.0)

DEPENDENCIES:
  - FrameworkPod (from `https://github.com/yutao86/PodspecExample.git`)

EXTERNAL SOURCES:
  FrameworkPod:
    :git: https://github.com/yutao86/PodspecExample.git

CHECKOUT OPTIONS:
  FrameworkPod:
    :commit: f24d96a5d0fd7e421d496bd354cad389f2fdb091
    :git: https://github.com/yutao86/PodspecExample.git

SPEC CHECKSUMS:
  FrameworkPod: 146a6207f52c0b9a3529750ae37f1a206550953a

PODFILE CHECKSUM: 32008a9fbfe1e012fb9c50b5c657999b9dd0dcd3

COCOAPODS: 1.10.0
